version: 6
environments:
  default:
    channels:
    - url: https://conda.anaconda.org/chawyehsu/
    - url: https://conda.anaconda.org/conda-forge/
    options:
      pypi-prerelease-mode: if-necessary-or-explicit
    packages:
      win-64:
      - conda: https://conda.anaconda.org/conda-forge/win-64/_openmp_mutex-4.5-20_gnu.conda
      - conda: https://conda.anaconda.org/chawyehsu/win-64/bear-4.0.3-h3c70cbc_0.conda
      - conda: https://conda.anaconda.org/conda-forge/win-64/binutils_impl_win-64-2.45.1-default_ha84baeb_102.conda
      - conda: https://conda.anaconda.org/conda-forge/win-64/bzip2-1.0.8-h0ad9c76_9.conda
      - conda: https://conda.anaconda.org/conda-forge/win-64/conda-gcc-specs-15.2.0-hd546029_18.conda
      - conda: https://conda.anaconda.org/conda-forge/win-64/gcc-15.2.0-hd556455_18.conda
      - conda: https://conda.anaconda.org/conda-forge/win-64/gcc_impl_win-64-15.2.0-ha526d7c_18.conda
      - conda: https://conda.anaconda.org/conda-forge/win-64/ld_impl_win-64-2.45.1-default_hfd38196_102.conda
      - conda: https://conda.anaconda.org/conda-forge/win-64/libffi-3.5.2-h3d046cb_0.conda
      - conda: https://conda.anaconda.org/conda-forge/win-64/libgcc-15.2.0-h8ee18e1_18.conda
      - conda: https://conda.anaconda.org/conda-forge/noarch/libgcc-devel_win-64-15.2.0-hbb59886_118.conda
      - conda: https://conda.anaconda.org/conda-forge/win-64/libglib-2.86.4-h0c9aed9_1.conda
      - conda: https://conda.anaconda.org/conda-forge/win-64/libgomp-15.2.0-h8ee18e1_18.conda
      - conda: https://conda.anaconda.org/conda-forge/win-64/libiconv-1.18-hc1393d2_2.conda
      - conda: https://conda.anaconda.org/conda-forge/win-64/libintl-0.22.5-h5728263_3.conda
      - conda: https://conda.anaconda.org/conda-forge/win-64/libstdcxx-15.2.0-hae5796f_18.conda
      - conda: https://conda.anaconda.org/conda-forge/noarch/libstdcxx-devel_win-64-15.2.0-h0a72980_118.conda
      - conda: https://conda.anaconda.org/conda-forge/win-64/libwinpthread-12.0.0.r4.gg4f2fc60ca-h57928b3_10.conda
      - conda: https://conda.anaconda.org/conda-forge/win-64/libzlib-1.3.2-hfd05255_2.conda
      - conda: https://conda.anaconda.org/conda-forge/noarch/m2-autoconf-2.71.3-hc364b38_6.conda
      - conda: https://conda.anaconda.org/conda-forge/noarch/m2-automake1.16-1.16.5.1-hc364b38_6.conda
      - conda: https://conda.anaconda.org/conda-forge/noarch/m2-bash-5.2.037.2-hc364b38_6.conda
      - conda: https://conda.anaconda.org/conda-forge/win-64/m2-conda-epoch-20250515-0_x86_64.conda
      - conda: https://conda.anaconda.org/conda-forge/noarch/m2-coreutils-8.32.5-hc364b38_6.conda
      - conda: https://conda.anaconda.org/conda-forge/noarch/m2-db-6.2.32.5-hc364b38_6.conda
      - conda: https://conda.anaconda.org/conda-forge/noarch/m2-diffutils-3.12.1-hc364b38_6.conda
      - conda: https://conda.anaconda.org/conda-forge/noarch/m2-filesystem-2025.02.23.1-hc364b38_10.conda
      - conda: https://conda.anaconda.org/conda-forge/noarch/m2-gawk-5.3.2.1-hc364b38_6.conda
      - conda: https://conda.anaconda.org/conda-forge/noarch/m2-gcc-libs-13.3.0.1-hc364b38_6.conda
      - conda: https://conda.anaconda.org/conda-forge/noarch/m2-gdbm-1.25.1-hc364b38_6.conda
      - conda: https://conda.anaconda.org/conda-forge/noarch/m2-gmp-6.3.0.1-hc364b38_6.conda
      - conda: https://conda.anaconda.org/conda-forge/noarch/m2-grep-1!3.0.7-hc364b38_6.conda
      - conda: https://conda.anaconda.org/conda-forge/noarch/m2-gzip-1.14.1-hc364b38_6.conda
      - conda: https://conda.anaconda.org/conda-forge/noarch/m2-info-7.2.1-hc364b38_6.conda
      - conda: https://conda.anaconda.org/conda-forge/noarch/m2-less-668.1-hc364b38_6.conda
      - conda: https://conda.anaconda.org/conda-forge/noarch/m2-libdb-6.2.32.5-hc364b38_6.conda
      - conda: https://conda.anaconda.org/conda-forge/noarch/m2-libgdbm-1.25.1-hc364b38_6.conda
      - conda: https://conda.anaconda.org/conda-forge/noarch/m2-libiconv-1.18.1-hc364b38_6.conda
      - conda: https://conda.anaconda.org/conda-forge/noarch/m2-libintl-0.22.5.1-hc364b38_6.conda
      - conda: https://conda.anaconda.org/conda-forge/noarch/m2-libpcre-8.45.5-hc364b38_6.conda
      - conda: https://conda.anaconda.org/conda-forge/noarch/m2-libpcre2_8-10.45.1-hc364b38_6.conda
      - conda: https://conda.anaconda.org/conda-forge/noarch/m2-libreadline-8.2.013.1-hc364b38_6.conda
      - conda: https://conda.anaconda.org/conda-forge/noarch/m2-libxcrypt-4.4.38.1-hc364b38_6.conda
      - conda: https://conda.anaconda.org/conda-forge/noarch/m2-m4-1.4.19.2-hc364b38_6.conda
      - conda: https://conda.anaconda.org/conda-forge/noarch/m2-mpfr-4.2.2.1-hc364b38_6.conda
      - conda: https://conda.anaconda.org/conda-forge/noarch/m2-msys2-runtime-3.6.1.4-hc364b38_6.conda
      - conda: https://conda.anaconda.org/conda-forge/noarch/m2-ncurses-6.5.20240831.2-hc364b38_6.conda
      - conda: https://conda.anaconda.org/conda-forge/noarch/m2-patch-2.7.6.3-hc364b38_6.conda
      - conda: https://conda.anaconda.org/conda-forge/noarch/m2-perl-5.38.4.2-hc364b38_6.conda
      - conda: https://conda.anaconda.org/conda-forge/noarch/m2-sed-4.9.1-hc364b38_6.conda
      - conda: https://conda.anaconda.org/conda-forge/noarch/m2-texinfo-7.2.1-hc364b38_6.conda
      - conda: https://conda.anaconda.org/conda-forge/noarch/m2w64-sysroot_win-64-12.0.0.r4.gg4f2fc60ca-hd8ed1ab_10.conda
      - conda: https://conda.anaconda.org/conda-forge/win-64/make-4.4.1-h0e40799_2.conda
      - conda: https://conda.anaconda.org/chawyehsu/win-64/mingw-w64-pdcursesmod-static-4.5.4-he43374a_0.conda
      - conda: https://conda.anaconda.org/conda-forge/noarch/mingw-w64-ucrt-x86_64-crt-git-12.0.0.r4.gg4f2fc60ca-hd8ed1ab_10.conda
      - conda: https://conda.anaconda.org/conda-forge/noarch/mingw-w64-ucrt-x86_64-headers-git-12.0.0.r4.gg4f2fc60ca-hd8ed1ab_10.conda
      - conda: https://conda.anaconda.org/conda-forge/noarch/mingw-w64-ucrt-x86_64-windows-default-manifest-6.4-he206cdd_7.conda
      - conda: https://conda.anaconda.org/conda-forge/noarch/mingw-w64-ucrt-x86_64-winpthreads-git-12.0.0.r4.gg4f2fc60ca-hd8ed1ab_10.conda
      - conda: https://conda.anaconda.org/conda-forge/win-64/pcre2-10.47-hd2b5f0e_0.conda
      - conda: https://conda.anaconda.org/conda-forge/win-64/pkg-config-0.29.2-h88c491f_1009.conda
      - conda: https://conda.anaconda.org/conda-forge/win-64/ucrt-10.0.26100.0-h57928b3_0.conda
      - conda: https://conda.anaconda.org/conda-forge/win-64/vc-14.3-h41ae7f8_34.conda
      - conda: https://conda.anaconda.org/conda-forge/win-64/vc14_runtime-14.44.35208-h818238b_34.conda
      - conda: https://conda.anaconda.org/conda-forge/win-64/vcomp14-14.44.35208-h818238b_34.conda
      - conda: https://conda.anaconda.org/conda-forge/win-64/zstd-1.5.7-h534d264_6.conda
packages:
- conda: https://conda.anaconda.org/conda-forge/win-64/_openmp_mutex-4.5-20_gnu.conda
  build_number: 20
  sha256: 8a1cee28bd0ee7451ada1cd50b64720e57e17ff994fc62dd8329bef570d382e4
  md5: 1626967b574d1784b578b52eaeb071e7
  depends:
  - libgomp >=7.5.0
  - libwinpthread >=12.0.0.r4.gg4f2fc60ca
  constrains:
  - openmp_impl <0.0a0
  - msys2-conda-epoch <0.0a0
  license: BSD-3-Clause
  license_family: BSD
  size: 52252
  timestamp: 1770943776666
- conda: https://conda.anaconda.org/chawyehsu/win-64/bear-4.0.3-h3c70cbc_0.conda
  sha256: 9247805ec45e508f3365ecb9ff73da8772df64773dd28c1b8cfa1a4f0d618b3c
  md5: 7103ffc281de1add280e439bc3df9571
  license: GPL-3.0-or-later
  size: 1211978
  timestamp: 1770807832892
- conda: https://conda.anaconda.org/conda-forge/win-64/binutils_impl_win-64-2.45.1-default_ha84baeb_102.conda
  sha256: 9123bf592bca01e226eeaf7ad70853a54eaae30d7585be5751eed2d6624bc39a
  md5: 74d89550a0a593e67a32fd1d2509a85a
  depends:
  - ld_impl_win-64 2.45.1 default_hfd38196_102
  - m2w64-sysroot_win-64 >=12.0.0.r0
  - zstd >=1.5.7,<1.6.0a0
  license: GPL-3.0-only
  license_family: GPL
  size: 6121562
  timestamp: 1774198074938
- conda: https://conda.anaconda.org/conda-forge/win-64/bzip2-1.0.8-h0ad9c76_9.conda
  sha256: 76dfb71df5e8d1c4eded2dbb5ba15bb8fb2e2b0fe42d94145d5eed4c75c35902
  md5: 4cb8e6b48f67de0b018719cdf1136306
  depends:
  - ucrt >=10.0.20348.0
  - vc >=14.3,<15
  - vc14_runtime >=14.44.35208
  license: bzip2-1.0.6
  license_family: BSD
  size: 56115
  timestamp: 1771350256444
- conda: https://conda.anaconda.org/conda-forge/win-64/conda-gcc-specs-15.2.0-hd546029_18.conda
  sha256: 21062850a891e5a82b7a473de0a2fa4bfafff6fcba9455a619604343018c9f99
  md5: 071dbd17ed598f723c5f48624ae455f9
  depends:
  - gcc_impl_win-64 >=15.2.0,<15.2.1.0a0
  license: GPL-3.0-only WITH GCC-exception-3.1
  license_family: GPL
  size: 54725
  timestamp: 1771382417485
- conda: https://conda.anaconda.org/conda-forge/win-64/gcc-15.2.0-hd556455_18.conda
  sha256: 349dd70890b3bb51d8f7a7976f53711f4606c076a659ee7fdc7c32e2ffa019a1
  md5: 0f295318682c2fbefbe293399fae135f
  depends:
  - conda-gcc-specs
  - gcc_impl_win-64 15.2.0 ha526d7c_18
  license: BSD-3-Clause
  license_family: BSD
  size: 1198343
  timestamp: 1771382604468
- conda: https://conda.anaconda.org/conda-forge/win-64/gcc_impl_win-64-15.2.0-ha526d7c_18.conda
  sha256: 70db065b687f52e64b942af8daf33e244e17128158ced9dc019924c4f79d3b82
  md5: 7568471e78e882712c3d3715624a54c8
  depends:
  - binutils_impl_win-64 >=2.45
  - libgcc >=15.2.0
  - libgcc-devel_win-64 15.2.0 hbb59886_118
  - libgomp >=15.2.0
  - libstdcxx >=15.2.0
  - libstdcxx-devel_win-64 15.2.0 h0a72980_118
  - m2w64-sysroot_win-64
  license: GPL-3.0-only WITH GCC-exception-3.1
  license_family: GPL
  size: 62510234
  timestamp: 1771382289787
- conda: https://conda.anaconda.org/conda-forge/win-64/ld_impl_win-64-2.45.1-default_hfd38196_102.conda
  sha256: 5256fe3ac465452a9702ca2b48adf47d1de905ed47d98fd5976ddb9c7a85619c
  md5: b0019a6e9267dd74b7efeefa970df76a
  depends:
  - zstd >=1.5.7,<1.6.0a0
  constrains:
  - binutils_impl_win-64 2.45.1
  license: GPL-3.0-only
  license_family: GPL
  size: 877159
  timestamp: 1774198058013
- conda: https://conda.anaconda.org/conda-forge/win-64/libffi-3.5.2-h3d046cb_0.conda
  sha256: 59d01f2dfa8b77491b5888a5ab88ff4e1574c9359f7e229da254cdfe27ddc190
  md5: 720b39f5ec0610457b725eb3f396219a
  depends:
  - ucrt >=10.0.20348.0
  - vc >=14.3,<15
  - vc14_runtime >=14.44.35208
  license: MIT
  license_family: MIT
  size: 45831
  timestamp: 1769456418774
- conda: https://conda.anaconda.org/conda-forge/win-64/libgcc-15.2.0-h8ee18e1_18.conda
  sha256: da2c96563c76b8c601746f03e03ac75d2b4640fa2ee017cb23d6c9fc31f1b2c6
  md5: b085746891cca3bd2704a450a7b4b5ce
  depends:
  - _openmp_mutex >=4.5
  - libwinpthread >=12.0.0.r4.gg4f2fc60ca
  constrains:
  - libgcc-ng ==15.2.0=*_18
  - msys2-conda-epoch <0.0a0
  - libgomp 15.2.0 h8ee18e1_18
  license: GPL-3.0-only WITH GCC-exception-3.1
  license_family: GPL
  size: 820022
  timestamp: 1771382190160
- conda: https://conda.anaconda.org/conda-forge/noarch/libgcc-devel_win-64-15.2.0-hbb59886_118.conda
  sha256: e43ffa48a88a7d77a0dc0d3ccfa3acc55702e9d964e8564e86927f5a389a6c51
  md5: 1e020780767f809769807a442f5d6f6a
  depends:
  - m2-conda-epoch
  license: GPL-3.0-only WITH GCC-exception-3.1
  license_family: GPL
  size: 2422242
  timestamp: 1771382108271
- conda: https://conda.anaconda.org/conda-forge/win-64/libglib-2.86.4-h0c9aed9_1.conda
  sha256: f035fb25f8858f201e0055c719ef91022e9465cd51fe803304b781863286fb10
  md5: 0329a7e92c8c8b61fcaaf7ad44642a96
  depends:
  - libffi >=3.5.2,<3.6.0a0
  - libiconv >=1.18,<2.0a0
  - libintl >=0.22.5,<1.0a0
  - libzlib >=1.3.1,<2.0a0
  - pcre2 >=10.47,<10.48.0a0
  - ucrt >=10.0.20348.0
  - vc >=14.3,<15
  - vc14_runtime >=14.44.35208
  constrains:
  - glib 2.86.4 *_1
  license: LGPL-2.1-or-later
  size: 4095369
  timestamp: 1771863229701
- conda: https://conda.anaconda.org/conda-forge/win-64/libgomp-15.2.0-h8ee18e1_18.conda
  sha256: 94981bc2e42374c737750895c6fdcfc43b7126c4fc788cad0ecc7281745931da
  md5: 939fb173e2a4d4e980ef689e99b35223
  depends:
  - libwinpthread >=12.0.0.r4.gg4f2fc60ca
  constrains:
  - msys2-conda-epoch <0.0a0
  license: GPL-3.0-only WITH GCC-exception-3.1
  license_family: GPL
  size: 663864
  timestamp: 1771382118742
- conda: https://conda.anaconda.org/conda-forge/win-64/libiconv-1.18-hc1393d2_2.conda
  sha256: 0dcdb1a5f01863ac4e8ba006a8b0dc1a02d2221ec3319b5915a1863254d7efa7
  md5: 64571d1dd6cdcfa25d0664a5950fdaa2
  depends:
  - ucrt >=10.0.20348.0
  - vc >=14.3,<15
  - vc14_runtime >=14.44.35208
  license: LGPL-2.1-only
  size: 696926
  timestamp: 1754909290005
- conda: https://conda.anaconda.org/conda-forge/win-64/libintl-0.22.5-h5728263_3.conda
  sha256: c7e4600f28bcada8ea81456a6530c2329312519efcf0c886030ada38976b0511
  md5: 2cf0cf76cc15d360dfa2f17fd6cf9772
  depends:
  - libiconv >=1.17,<2.0a0
  license: LGPL-2.1-or-later
  size: 95568
  timestamp: 1723629479451
- conda: https://conda.anaconda.org/conda-forge/win-64/libstdcxx-15.2.0-hae5796f_18.conda
  sha256: 7134b90a850f0e14f15bd0f0218fd728f19cd5c58420a90c2f561f58272b8519
  md5: 7c09facd8f5aced6b4c146e1c4053e50
  depends:
  - libgcc 15.2.0 h8ee18e1_18
  - libwinpthread >=12.0.0.r4.gg4f2fc60ca
  constrains:
  - libstdcxx-ng ==15.2.0=*_18
  license: GPL-3.0-only WITH GCC-exception-3.1
  license_family: GPL
  size: 6462596
  timestamp: 1771382223989
- conda: https://conda.anaconda.org/conda-forge/noarch/libstdcxx-devel_win-64-15.2.0-h0a72980_118.conda
  sha256: 0b27331f127c6c10017442cc98c483aa868298102e98aae70ad86b9a5ae0029e
  md5: b7a331c07d140e476fee0c70c9696e87
  depends:
  - m2-conda-epoch
  license: GPL-3.0-only WITH GCC-exception-3.1
  license_family: GPL
  size: 11729036
  timestamp: 1771382135681
- conda: https://conda.anaconda.org/conda-forge/win-64/libwinpthread-12.0.0.r4.gg4f2fc60ca-h57928b3_10.conda
  sha256: 0fccf2d17026255b6e10ace1f191d0a2a18f2d65088fd02430be17c701f8ffe0
  md5: 8a86073cf3b343b87d03f41790d8b4e5
  depends:
  - ucrt
  constrains:
  - pthreads-win32 <0.0a0
  - msys2-conda-epoch <0.0a0
  license: MIT AND BSD-3-Clause-Clear
  size: 36621
  timestamp: 1759768399557
- conda: https://conda.anaconda.org/conda-forge/win-64/libzlib-1.3.2-hfd05255_2.conda
  sha256: 88609816e0cc7452bac637aaf65783e5edf4fee8a9f8e22bdc3a75882c536061
  md5: dbabbd6234dea34040e631f87676292f
  depends:
  - ucrt >=10.0.20348.0
  - vc >=14.3,<15
  - vc14_runtime >=14.44.35208
  constrains:
  - zlib 1.3.2 *_2
  license: Zlib
  license_family: Other
  size: 58347
  timestamp: 1774072851498
- conda: https://conda.anaconda.org/conda-forge/noarch/m2-autoconf-2.71.3-hc364b38_6.conda
  sha256: 24a1ca4b98c0e00d96b315a6dfb21f8b108d9e2347d4f41456f7c29b2b1711fa
  md5: a546e04bd60a306fbc8c98baea247a81
  depends:
  - m2-gawk
  - m2-m4
  - m2-diffutils
  - m2-bash
  - m2-perl
  - m2-sed
  - m2-msys2-runtime
  - m2-conda-epoch ==20250515 *_x86_64
  license: GPL-2.0-or-later
  license_family: GPL
  size: 708562
  timestamp: 1748281166771
- conda: https://conda.anaconda.org/conda-forge/noarch/m2-automake1.16-1.16.5.1-hc364b38_6.conda
  sha256: c0c21657ab399ad445838c6a2df5c7b926e0a5dbb490d74f25aba7fbb689a087
  md5: 4c064a9517e2e4b4b01bb76fdc323cd8
  depends:
  - m2-perl
  - m2-bash
  - m2-msys2-runtime
  - m2-conda-epoch ==20250515 *_x86_64
  license: GPL-3.0-or-later
  license_family: GPL
  size: 586705
  timestamp: 1748281166770
- conda: https://conda.anaconda.org/conda-forge/noarch/m2-bash-5.2.037.2-hc364b38_6.conda
  sha256: b2b243cd336e58d0c241bb9eb799e30713b8a40806b14d242fadd96804ff8cd6
  md5: 804c029d36d971e8de1e56016f8054a5
  depends:
  - m2-filesystem
  - m2-msys2-runtime
  - m2-conda-epoch ==20250515 *_x86_64
  license: GPL-3.0-or-later
  license_family: GPL
  size: 2710840
  timestamp: 1748281166709
- conda: https://conda.anaconda.org/conda-forge/win-64/m2-conda-epoch-20250515-0_x86_64.conda
  build_number: 0
  sha256: 51e9214548f177db9c3fe70424e3774c95bf19cd69e0e56e83abe2e393228ba1
  md5: 7d60fb16df2cd07fbc3dbff1c9df4244
  constrains:
  - msys2-conda-epoch <0.0a0
  license: BSD-3-Clause
  license_family: BSD
  size: 7539
  timestamp: 1747330852019
- conda: https://conda.anaconda.org/conda-forge/noarch/m2-coreutils-8.32.5-hc364b38_6.conda
  sha256: 05626edabfe076bd3b1f7f83cd830ed2acc043c48a15450d88a79091f5b718eb
  md5: faac63967a21cbbdb1d29681e6b98ef5
  depends:
  - m2-gmp
  - m2-libiconv
  - m2-libintl
  - m2-msys2-runtime
  - m2-conda-epoch ==20250515 *_x86_64
  license: GPL-3.0-or-later
  license_family: GPL
  size: 3155019
  timestamp: 1748281166745
- conda: https://conda.anaconda.org/conda-forge/noarch/m2-db-6.2.32.5-hc364b38_6.conda
  sha256: 7b133edebb0ec6d272dc768fe86bce698771cf67c82a10602e013aaa07d68319
  md5: 035cd767e3bf623b431bc92b4efc49b5
  depends:
  - m2-libdb 6.2.32.*
  - m2-msys2-runtime
  - m2-conda-epoch ==20250515 *_x86_64
  license: AGPL-3.0-or-later
  license_family: AGPL
  size: 81367
  timestamp: 1748281166727
- conda: https://conda.anaconda.org/conda-forge/noarch/m2-diffutils-3.12.1-hc364b38_6.conda
  sha256: fc66f0bc6a12fe77041b3ba2f5613e8b16a735a5b113c53119fc28b4f4cfb4b9
  md5: f613c6136a50302d2c6107b302ef042d
  depends:
  - m2-bash
  - m2-libiconv
  - m2-libintl
  - m2-msys2-runtime
  - m2-conda-epoch ==20250515 *_x86_64
  license: GPL-3.0-or-later
  license_family: GPL
  size: 453085
  timestamp: 1748281166744
- conda: https://conda.anaconda.org/conda-forge/noarch/m2-filesystem-2025.02.23.1-hc364b38_10.conda
  sha256: 762dd93e1d21ce3d8e5350f167aaeb0c7109edb74b8d972bdb8dbc62b7677488
  md5: ddfb3ce6fae1278431bf949e15c90ca6
  depends:
  - m2-msys2-runtime
  - m2-conda-epoch ==20250515 *_x86_64
  license: BSD-3-Clause
  license_family: BSD
  size: 124912
  timestamp: 1757096404180
- conda: https://conda.anaconda.org/conda-forge/noarch/m2-gawk-5.3.2.1-hc364b38_6.conda
  sha256: ab10ddd31d98d4e542fac9a4016a82c6ac7567f06d06a0c6226de6b04b00cf21
  md5: e8672a52a76a089db3dba652d83260db
  depends:
  - m2-bash
  - m2-mpfr
  - m2-libintl
  - m2-libreadline
  - m2-msys2-runtime
  - m2-conda-epoch ==20250515 *_x86_64
  license: GPL-3.0-or-later
  license_family: GPL
  size: 1566264
  timestamp: 1748281166744
- conda: https://conda.anaconda.org/conda-forge/noarch/m2-gcc-libs-13.3.0.1-hc364b38_6.conda
  sha256: 9d86cd1a0953bfe103375513f6ad4f82ad6392c9a78e12f0d5dc332be10d0569
  md5: 5226906155606df581aa2d00b3ee3cbe
  depends:
  - m2-msys2-runtime
  - m2-conda-epoch ==20250515 *_x86_64
  license: GPL-3.0-or-later AND GPL-2.0-or-later AND LGPL-2.1-or-later AND LGPL-3.0-or-later WITH GCC-exception-3.1 AND GFDL-1.3-or-later
  size: 1137568
  timestamp: 1748281166721
- conda: https://conda.anaconda.org/conda-forge/noarch/m2-gdbm-1.25.1-hc364b38_6.conda
  sha256: fc76b0d3b534315c35dfc4134909f363fd26469f68bba0dc9f9bd05b727fa73a
  md5: 7fc5872290b13cd1f0e7eac7abcfac5e
  depends:
  - m2-libgdbm 1.25.*
  - m2-msys2-runtime
  - m2-conda-epoch ==20250515 *_x86_64
  license: GPL-3.0-or-later
  license_family: GPL
  size: 255332
  timestamp: 1748281166745
- conda: https://conda.anaconda.org/conda-forge/noarch/m2-gmp-6.3.0.1-hc364b38_6.conda
  sha256: 87cd2260241dde076ec802b423a70a4a10d883e753044c3237ca2dc951271069
  md5: 157445c0b38287742d43e3a09fcfaf78
  depends:
  - m2-msys2-runtime
  - m2-conda-epoch ==20250515 *_x86_64
  license: LGPL-3.0-or-later
  license_family: LGPL
  size: 445326
  timestamp: 1748281166720
- conda: https://conda.anaconda.org/conda-forge/noarch/m2-grep-1!3.0.7-hc364b38_6.conda
  sha256: 59c75fe6a11c31fde0be34e9f829d25a1958d66d80810a3000fab26625a1f238
  md5: 0390cd2953bc28715a04ac2c76efc56f
  depends:
  - m2-libiconv
  - m2-libintl
  - m2-libpcre
  - m2-bash
  - m2-msys2-runtime
  - m2-conda-epoch ==20250515 *_x86_64
  license: GPL-3.0-or-later
  license_family: GPL
  size: 293845
  timestamp: 1748281166739
- conda: https://conda.anaconda.org/conda-forge/noarch/m2-gzip-1.14.1-hc364b38_6.conda
  sha256: 9c33bb370a7dafbc9a5d6a4429c89d258527d3841aa1a4226a0413058e3f922d
  md5: 24c7b457be4617bd02050ff9827affa3
  depends:
  - m2-bash
  - m2-less
  - m2-msys2-runtime
  - m2-conda-epoch ==20250515 *_x86_64
  license: GPL-3.0-or-later
  license_family: GPL
  size: 132758
  timestamp: 1748281166729
- conda: https://conda.anaconda.org/conda-forge/noarch/m2-info-7.2.1-hc364b38_6.conda
  sha256: 95264c799ba1e06dd66d63f8d81cb98073dc32007ccceef4500d5503cffe27e4
  md5: 10e487b563a960401214847def750c37
  depends:
  - m2-gzip
  - m2-libxcrypt
  - m2-libintl
  - m2-ncurses
  - m2-msys2-runtime
  - m2-conda-epoch ==20250515 *_x86_64
  license: GPL-3.0-or-later
  license_family: GPL
  size: 231466
  timestamp: 1748281166740
- conda: https://conda.anaconda.org/conda-forge/noarch/m2-less-668.1-hc364b38_6.conda
  sha256: c7cc658de59006e1f0785400d77fff768e0f552b60ffcd07724e713178c297ad
  md5: f338f8e9163f9dd6571abf70ddbc6448
  depends:
  - m2-ncurses
  - m2-libpcre2_8
  - m2-msys2-runtime
  - m2-conda-epoch ==20250515 *_x86_64
  license: GPL-3.0-or-later
  license_family: GPL
  size: 174680
  timestamp: 1748281166729
- conda: https://conda.anaconda.org/conda-forge/noarch/m2-libdb-6.2.32.5-hc364b38_6.conda
  sha256: e9e6c3924e232373b7dca0176a13f4aa8113efa4fd38f57c86e963adc93874d0
  md5: d9dfca769a49d11520af1d7aa296c811
  depends:
  - m2-gcc-libs
  - m2-msys2-runtime
  - m2-conda-epoch ==20250515 *_x86_64
  license: AGPL-3.0-or-later
  license_family: AGPL
  size: 923606
  timestamp: 1748281166726
- conda: https://conda.anaconda.org/conda-forge/noarch/m2-libgdbm-1.25.1-hc364b38_6.conda
  sha256: a563e82bb59732f1e6f6e150af34dd022a877725657dfc91805b98b8d93eaa96
  md5: 191f4d83dc659330b345e63384efa695
  depends:
  - m2-gcc-libs
  - m2-libreadline
  - m2-libiconv
  - m2-libintl
  - m2-ncurses
  - m2-msys2-runtime
  - m2-conda-epoch ==20250515 *_x86_64
  license: GPL-3.0-or-later
  license_family: GPL
  size: 60489
  timestamp: 1748281166745
- conda: https://conda.anaconda.org/conda-forge/noarch/m2-libiconv-1.18.1-hc364b38_6.conda
  sha256: 5eca3afbd2bf2e5253dac18b3880197f7084081571a1e92b20477fdec5a93757
  md5: 4492469742acad4b4d0b25eb84d3091f
  depends:
  - m2-gcc-libs
  - m2-msys2-runtime
  - m2-conda-epoch ==20250515 *_x86_64
  license: LGPL-3.0-or-later
  license_family: LGPL
  size: 804476
  timestamp: 1748281166730
- conda: https://conda.anaconda.org/conda-forge/noarch/m2-libintl-0.22.5.1-hc364b38_6.conda
  sha256: 02de0f1a8cb63a12e445bb32cd16e7b804953c670889aff857ca7e618088abfb
  md5: 880d8433f0b4843abe292ee648e6a2b3
  depends:
  - m2-gcc-libs
  - m2-libiconv
  - m2-msys2-runtime
  - m2-conda-epoch ==20250515 *_x86_64
  license: GPL-3.0-or-later
  license_family: GPL
  size: 78711
  timestamp: 1748281166737
- conda: https://conda.anaconda.org/conda-forge/noarch/m2-libpcre-8.45.5-hc364b38_6.conda
  sha256: de95b1071deac8f425faada0c258c5f8a18d3bdc035026cce0991acc62d2b660
  md5: b4b1e2dfa33826e4df04157dcc423335
  depends:
  - m2-gcc-libs
  - m2-msys2-runtime
  - m2-conda-epoch ==20250515 *_x86_64
  license: BSD-3-Clause
  license_family: BSD
  size: 132304
  timestamp: 1748281166723
- conda: https://conda.anaconda.org/conda-forge/noarch/m2-libpcre2_8-10.45.1-hc364b38_6.conda
  sha256: 5cbaa07cf910cffaab1e0a54c56db67ae0774d04af2ac4408bf10698927d40bf
  md5: 6865232e5e6fed00f24ce3619988db27
  depends:
  - m2-gcc-libs
  - m2-msys2-runtime
  - m2-conda-epoch ==20250515 *_x86_64
  license: BSD-3-Clause
  license_family: BSD
  size: 186424
  timestamp: 1748281166725
- conda: https://conda.anaconda.org/conda-forge/noarch/m2-libreadline-8.2.013.1-hc364b38_6.conda
  sha256: f6882fac00b0b132752fa21cc85d0dcbaf384269761dbd92d22cd8cb293e5c87
  md5: 85b2e12b5b2a51fdbc02e34e40aac99e
  depends:
  - m2-ncurses
  - m2-msys2-runtime
  - m2-conda-epoch ==20250515 *_x86_64
  license: GPL-3.0-or-later
  license_family: GPL
  size: 343691
  timestamp: 1748281166729
- conda: https://conda.anaconda.org/conda-forge/noarch/m2-libxcrypt-4.4.38.1-hc364b38_6.conda
  sha256: ed74c3679d61cf0547f667064f9d9a59f620009ca42caa82d1ac89cbd5770168
  md5: c30978e9f80e814eba7295b15e5bb772
  depends:
  - m2-msys2-runtime
  - m2-conda-epoch ==20250515 *_x86_64
  license: LGPL-2.1-or-later
  size: 106335
  timestamp: 1748281166718
- conda: https://conda.anaconda.org/conda-forge/noarch/m2-m4-1.4.19.2-hc364b38_6.conda
  sha256: a43295450fb6310615abc14f29442a38e335fc94bc8d04ae6d76d4bf62005219
  md5: 0d6c5f103cb93b9e26217780a56a4d3f
  depends:
  - m2-bash
  - m2-gcc-libs
  - m2-libiconv
  - m2-msys2-runtime
  - m2-conda-epoch ==20250515 *_x86_64
  license: GPL-3.0-or-later
  license_family: GPL
  size: 285034
  timestamp: 1748281166730
- conda: https://conda.anaconda.org/conda-forge/noarch/m2-mpfr-4.2.2.1-hc364b38_6.conda
  sha256: 33dbcf68de50a8eced0569fc56052351b13775c8ce14a7222d26c06efed3d1b0
  md5: e6b26882df6962e0ddf64a37e6533ea2
  depends:
  - m2-gmp >=5.0
  - m2-msys2-runtime
  - m2-conda-epoch ==20250515 *_x86_64
  license: LGPL-3.0-or-later
  license_family: LGPL
  size: 451302
  timestamp: 1748281166721
- conda: https://conda.anaconda.org/conda-forge/noarch/m2-msys2-runtime-3.6.1.4-hc364b38_6.conda
  sha256: 1f797d055ad856def2399d5c1c21d7a479fa68159ce5448f07b7c6cf4b9641d7
  md5: fb7de65144b11c4c7284a00e3170c797
  depends:
  - m2-conda-epoch ==20250515 *_x86_64
  license: GPL-3.0-or-later
  license_family: GPL
  size: 2156552
  timestamp: 1748281166706
- conda: https://conda.anaconda.org/conda-forge/noarch/m2-ncurses-6.5.20240831.2-hc364b38_6.conda
  sha256: d794dc2cdebc7a6a3e4628afd48492c7fb968cc0a507156e0a7eda270f7b346a
  md5: 21a6ca4de15e2fa7de4ce075411b9e7b
  depends:
  - m2-gcc-libs
  - m2-msys2-runtime
  - m2-conda-epoch ==20250515 *_x86_64
  license: MIT
  license_family: MIT
  size: 1428776
  timestamp: 1748281166727
- conda: https://conda.anaconda.org/conda-forge/noarch/m2-patch-2.7.6.3-hc364b38_6.conda
  sha256: 8435e84af2810886ac6ca3f2c61f196fcd05932d4fb072ad8864548b248ce753
  md5: 01d504b9ee36cde8239f2f471b7bb080
  depends:
  - m2-msys2-runtime
  - m2-conda-epoch ==20250515 *_x86_64
  license: GPL-3.0-or-later
  license_family: GPL
  size: 125917
  timestamp: 1748281166711
- conda: https://conda.anaconda.org/conda-forge/noarch/m2-perl-5.38.4.2-hc364b38_6.conda
  sha256: 44615b241d35cf5399ca95f9499158952c7202743c429c91ef86b07c5fe65077
  md5: 90dfb0458b6530a9d4eed5ee55b234b7
  depends:
  - m2-db
  - m2-gdbm
  - m2-libxcrypt
  - m2-coreutils
  - m2-bash
  - m2-msys2-runtime
  - m2-conda-epoch ==20250515 *_x86_64
  license: GPL-3.0-or-later
  license_family: GPL
  size: 9120064
  timestamp: 1748281166749
- conda: https://conda.anaconda.org/conda-forge/noarch/m2-sed-4.9.1-hc364b38_6.conda
  sha256: 5c3ca07ba6bd47e56484f6a1a37bf143c5759340a425fee3043c214d8c5fd322
  md5: a54c656117c664ce64d70a3853f5f9eb
  depends:
  - m2-libintl
  - m2-bash
  - m2-msys2-runtime
  - m2-conda-epoch ==20250515 *_x86_64
  license: GPL-3.0-or-later
  license_family: GPL
  size: 291823
  timestamp: 1748281166738
- conda: https://conda.anaconda.org/conda-forge/noarch/m2-texinfo-7.2.1-hc364b38_6.conda
  sha256: a020ec5bef8001821c06b3caa970130f75dfed8c3d29fb35a70e2fe853c54a6b
  md5: 0a004d62c5fec6a71bed27f79b37d331
  depends:
  - m2-info
  - m2-perl
  - m2-bash
  - m2-msys2-runtime
  - m2-conda-epoch ==20250515 *_x86_64
  license: GPL-3.0-or-later
  license_family: GPL
  size: 1664575
  timestamp: 1748281166772
- conda: https://conda.anaconda.org/conda-forge/noarch/m2w64-sysroot_win-64-12.0.0.r4.gg4f2fc60ca-hd8ed1ab_10.conda
  sha256: fb0ffe6b3c25189038c29abbd1fac2522d87fe2775a09e5f5088e5542dc3309b
  md5: 9676d2a30fa3ffa4e5350041d0993758
  depends:
  - m2-conda-epoch
  - mingw-w64-ucrt-x86_64-crt-git 12.0.0.r4.gg4f2fc60ca hd8ed1ab_10
  - mingw-w64-ucrt-x86_64-headers-git 12.0.0.r4.gg4f2fc60ca hd8ed1ab_10
  - mingw-w64-ucrt-x86_64-windows-default-manifest
  - mingw-w64-ucrt-x86_64-winpthreads-git 12.0.0.r4.gg4f2fc60ca hd8ed1ab_10
  - ucrt
  size: 8421
  timestamp: 1759768559974
- conda: https://conda.anaconda.org/conda-forge/win-64/make-4.4.1-h0e40799_2.conda
  sha256: a810cdca3d5fa50d562cda23c0c1195b45ff5f9b0c41e0d4c8c2dd3c043ff4f2
  md5: 77ff648ad9fec660f261aa8ab0949f62
  depends:
  - libgcc >=13
  - libwinpthread >=12.0.0.r4.gg4f2fc60ca
  - ucrt >=10.0.20348.0
  license: GPL-3.0-or-later
  license_family: GPL
  size: 2176937
  timestamp: 1727802346950
- conda: https://conda.anaconda.org/chawyehsu/win-64/mingw-w64-pdcursesmod-static-4.5.4-he43374a_0.conda
  sha256: de8ea14c56a4a43ef222a10830741f410c4811edc5effc371426715d5659cad9
  md5: 2c19029fb5d7435e8ce2e662ce8fe684
  depends:
  - libgcc >=15
  - ucrt >=10.0.20348.0
  license: LicenseRef-PD-hp
  size: 119523
  timestamp: 1770809679033
- conda: https://conda.anaconda.org/conda-forge/noarch/mingw-w64-ucrt-x86_64-crt-git-12.0.0.r4.gg4f2fc60ca-hd8ed1ab_10.conda
  sha256: de3e42149b498c16bfb485b7729f4ca0fe392be576a2a10ff702d661799b1df3
  md5: 44ffa6d68699ec9321f6d48d75bdc726
  depends:
  - m2-conda-epoch
  - mingw-w64-ucrt-x86_64-headers-git 12.0.0.r4.gg4f2fc60ca hd8ed1ab_10
  constrains:
  - mingw-w64-ucrt-x86_64-winpthreads-git 12.0.0.r4.gg4f2fc60ca.*
  license: ZPL-2.1
  size: 5663635
  timestamp: 1759768458961
- conda: https://conda.anaconda.org/conda-forge/noarch/mingw-w64-ucrt-x86_64-headers-git-12.0.0.r4.gg4f2fc60ca-hd8ed1ab_10.conda
  sha256: 1add86481f35163215e7076e6f06f22aa9f1f9345a5fff5cb07bc846c13fbec7
  md5: cab7b807024204893ef5bb1860d91408
  depends:
  - m2-conda-epoch
  constrains:
  - mingw-w64-ucrt-x86_64-crt-git 12.0.0.r4.gg4f2fc60ca.*
  - mingw-w64-ucrt-x86_64-winpthreads-git 12.0.0.r4.gg4f2fc60ca.*
  license: ZPL-2.1 AND LGPL-2.1-or-later
  size: 7089846
  timestamp: 1759768412123
- conda: https://conda.anaconda.org/conda-forge/noarch/mingw-w64-ucrt-x86_64-windows-default-manifest-6.4-he206cdd_7.conda
  sha256: 5b0df4e0ba8487ffd59f60c34c5dbb9e001ecd2c5d2c66ba88eada40bfa3ecb8
  md5: 1d6b5c96d7e3cce773519d7d1a4482f0
  depends:
  - __win
  constrains:
  - m2w64-sysroot_win-64 >=12.0.0.r0
  license: FSFAP
  size: 7412
  timestamp: 1717486007140
- conda: https://conda.anaconda.org/conda-forge/noarch/mingw-w64-ucrt-x86_64-winpthreads-git-12.0.0.r4.gg4f2fc60ca-hd8ed1ab_10.conda
  sha256: 828abb111286940473c4c665fc8ab300d28920f5af83b32295e8bf2256a8f342
  md5: ba0eeff6a5c62b83c771bb392e22dbb4
  depends:
  - m2-conda-epoch
  - mingw-w64-ucrt-x86_64-headers-git 12.0.0.r4.gg4f2fc60ca hd8ed1ab_10
  constrains:
  - mingw-w64-ucrt-x86_64-crt-git 12.0.0.r4.gg4f2fc60ca.*
  license: MIT AND BSD-3-Clause-Clear
  size: 123916
  timestamp: 1759768539535
- conda: https://conda.anaconda.org/conda-forge/win-64/pcre2-10.47-hd2b5f0e_0.conda
  sha256: 3e9e02174edf02cb4bcdd75668ad7b74b8061791a3bc8bdb8a52ae336761ba3e
  md5: 77eaf2336f3ae749e712f63e36b0f0a1
  depends:
  - bzip2 >=1.0.8,<2.0a0
  - libzlib >=1.3.1,<2.0a0
  - ucrt >=10.0.20348.0
  - vc >=14.3,<15
  - vc14_runtime >=14.44.35208
  license: BSD-3-Clause
  license_family: BSD
  size: 995992
  timestamp: 1763655708300
- conda: https://conda.anaconda.org/conda-forge/win-64/pkg-config-0.29.2-h88c491f_1009.conda
  sha256: 86b0c40c8b569dbc164cb1de098ddabf4c240a5e8f38547aab00493891fa67f3
  md5: 122d6514d415fbe02c9b58aee9f6b53e
  depends:
  - libglib >=2.80.3,<3.0a0
  - ucrt >=10.0.20348.0
  - vc >=14.2,<15
  - vc14_runtime >=14.29.30139
  license: GPL-2.0-or-later
  license_family: GPL
  size: 36118
  timestamp: 1720806338740
- conda: https://conda.anaconda.org/conda-forge/win-64/ucrt-10.0.26100.0-h57928b3_0.conda
  sha256: 3005729dce6f3d3f5ec91dfc49fc75a0095f9cd23bab49efb899657297ac91a5
  md5: 71b24316859acd00bdb8b38f5e2ce328
  constrains:
  - vc14_runtime >=14.29.30037
  - vs2015_runtime >=14.29.30037
  license: LicenseRef-MicrosoftWindowsSDK10
  size: 694692
  timestamp: 1756385147981
- conda: https://conda.anaconda.org/conda-forge/win-64/vc-14.3-h41ae7f8_34.conda
  sha256: 9dc40c2610a6e6727d635c62cced5ef30b7b30123f5ef67d6139e23d21744b3a
  md5: 1e610f2416b6acdd231c5f573d754a0f
  depends:
  - vc14_runtime >=14.44.35208
  track_features:
  - vc14
  license: BSD-3-Clause
  license_family: BSD
  size: 19356
  timestamp: 1767320221521
- conda: https://conda.anaconda.org/conda-forge/win-64/vc14_runtime-14.44.35208-h818238b_34.conda
  sha256: 02732f953292cce179de9b633e74928037fa3741eb5ef91c3f8bae4f761d32a5
  md5: 37eb311485d2d8b2c419449582046a42
  depends:
  - ucrt >=10.0.20348.0
  - vcomp14 14.44.35208 h818238b_34
  constrains:
  - vs2015_runtime 14.44.35208.* *_34
  license: LicenseRef-MicrosoftVisualCpp2015-2022Runtime
  license_family: Proprietary
  size: 683233
  timestamp: 1767320219644
- conda: https://conda.anaconda.org/conda-forge/win-64/vcomp14-14.44.35208-h818238b_34.conda
  sha256: 878d5d10318b119bd98ed3ed874bd467acbe21996e1d81597a1dbf8030ea0ce6
  md5: 242d9f25d2ae60c76b38a5e42858e51d
  depends:
  - ucrt >=10.0.20348.0
  constrains:
  - vs2015_runtime 14.44.35208.* *_34
  license: LicenseRef-MicrosoftVisualCpp2015-2022Runtime
  license_family: Proprietary
  size: 115235
  timestamp: 1767320173250
- conda: https://conda.anaconda.org/conda-forge/win-64/zstd-1.5.7-h534d264_6.conda
  sha256: 368d8628424966fd8f9c8018326a9c779e06913dd39e646cf331226acc90e5b2
  md5: 053b84beec00b71ea8ff7a4f84b55207
  depends:
  - vc >=14.3,<15
  - vc14_runtime >=14.44.35208
  - ucrt >=10.0.20348.0
  - libzlib >=1.3.1,<2.0a0
  license: BSD-3-Clause
  license_family: BSD
  size: 388453
  timestamp: 1764777142545
